<?xml version="1.0" encoding="utf-8"?>
<Project ToolsVersion="4.0" xmlns="http://schemas.microsoft.com/developer/msbuild/2003">
  <ItemGroup>
    <Filter Include="GUI">
      <UniqueIdentifier>{20623cc4-e26a-4c99-8346-48689c583790}</UniqueIdentifier>
    </Filter>
    <Filter Include="Resource Files">
      <UniqueIdentifier>{cec38d89-2653-4763-868b-c936201ce496}</UniqueIdentifier>
    </Filter>
  </ItemGroup>
  <ItemGroup>
    <ClInclude Include="GUI\ElementIDs.h">
      <Filter>GUI</Filter>
    </ClInclude>
    <ClInclude Include="GUI\MainWindow.h">
      <Filter>GUI</Filter>
    </ClInclude>
    <ClInclude Include="GUI\SettingsWindow.h">
      <Filter>GUI</Filter>
    </ClInclude>
    <ClInclude Include="GUI\UserRuleEditor.h">
      <Filter>GUI</Filter>
    </ClInclude>
  </ItemGroup>
  <ItemGroup>
    <ClCompile Include="GUI\MainWindow.cpp">
      <Filter>GUI</Filter>
    </ClCompile>
    <ClCompile Include="GUI\SettingsWindow.cpp">
      <Filter>GUI</Filter>
    </ClCompile>
    <ClCompile Include="GUI\UserRuleEditor.cpp">
      <Filter>GUI</Filter>
    </ClCompile>
    <ClCompile Include="GUI\ElementIDs.cpp">
      <Filter>GUI</Filter>
    </ClCompile>
  </ItemGroup>
  <ItemGroup>
    <None Include="..\BOSS.ico">
      <Filter>Resource Files</Filter>
    </None>
  </ItemGroup>
  <ItemGroup>
    <ResourceCompile Include="..\BOSS_version.rc">
      <Filter>Resource Files</Filter>
    </ResourceCompile>
  </ItemGroup>
</Project>