<?xml version="1.0" encoding="utf-8"?>
<Project ToolsVersion="4.0" xmlns="http://schemas.microsoft.com/developer/msbuild/2003">
  <ItemGroup>
    <ClCompile Include="..\Support\Helpers.cpp">
      <Filter>Support</Filter>
    </ClCompile>
    <ClCompile Include="..\Support\ModFormat.cpp">
      <Filter>Support</Filter>
    </ClCompile>
    <ClCompile Include="..\Support\VersionRegex.cpp">
      <Filter>Support</Filter>
    </ClCompile>
    <ClCompile Include="Updater.cpp">
      <Filter>Updater</Filter>
    </ClCompile>
    <ClCompile Include="BOSS.cpp" />
    <ClCompile Include="Globals.cpp">
      <Filter>Globals</Filter>
    </ClCompile>
    <ClCompile Include="..\Support\Logger.cpp">
      <Filter>Support</Filter>
    </ClCompile>
    <ClCompile Include="BOSSLog.cpp">
      <Filter>BOSSLog</Filter>
    </ClCompile>
    <ClCompile Include="Lists.cpp">
      <Filter>Lists</Filter>
    </ClCompile>
  </ItemGroup>
  <ItemGroup>
    <Filter Include="Support">
      <UniqueIdentifier>{4cc2d3c9-6316-4c73-9626-c777c252397c}</UniqueIdentifier>
    </Filter>
    <Filter Include="Updater">
      <UniqueIdentifier>{f8cf259d-a738-46ea-bfeb-f34b2d1989ba}</UniqueIdentifier>
    </Filter>
    <Filter Include="Globals">
      <UniqueIdentifier>{c8c250b9-403a-48ff-b4f8-2582ac08f2c7}</UniqueIdentifier>
    </Filter>
    <Filter Include="BOSSLog">
      <UniqueIdentifier>{6c50ab14-d38a-474b-95ba-313be331806c}</UniqueIdentifier>
    </Filter>
    <Filter Include="Lists">
      <UniqueIdentifier>{7cc10196-2e42-4a43-802e-9c3a7ad9f3ff}</UniqueIdentifier>
    </Filter>
  </ItemGroup>
  <ItemGroup>
    <ClInclude Include="..\Support\Helpers.h">
      <Filter>Support</Filter>
    </ClInclude>
    <ClInclude Include="..\Support\ModFormat.h">
      <Filter>Support</Filter>
    </ClInclude>
    <ClInclude Include="..\Support\Types.h">
      <Filter>Support</Filter>
    </ClInclude>
    <ClInclude Include="..\Support\VersionRegex.h">
      <Filter>Support</Filter>
    </ClInclude>
    <ClInclude Include="Updater.h">
      <Filter>Updater</Filter>
    </ClInclude>
    <ClInclude Include="BOSS.h" />
    <ClInclude Include="Globals.h">
      <Filter>Globals</Filter>
    </ClInclude>
    <ClInclude Include="..\Support\Logger.h">
      <Filter>Support</Filter>
    </ClInclude>
    <ClInclude Include="..\Support\Platform.h">
      <Filter>Support</Filter>
    </ClInclude>
    <ClInclude Include="BOSSLog.h">
      <Filter>BOSSLog</Filter>
    </ClInclude>
    <ClInclude Include="Error.h">
      <Filter>Support</Filter>
    </ClInclude>
    <ClInclude Include="Lists.h">
      <Filter>Lists</Filter>
    </ClInclude>
  </ItemGroup>
  <ItemGroup>
    <ResourceCompile Include="BOSS_version.rc" />
  </ItemGroup>
</Project>