<?xml version="1.0" encoding="utf-8"?>
<Project ToolsVersion="4.0" xmlns="http://schemas.microsoft.com/developer/msbuild/2003">
  <ItemGroup>
    <None Include="ReadMe.txt" />
  </ItemGroup>
  <ItemGroup>
    <ClInclude Include="Parsing.h" />
    <ClInclude Include="Private\Defines.h">
      <Filter>Private</Filter>
    </ClInclude>
    <ClInclude Include="Userlist\IRulesManager.h">
      <Filter>Userlist</Filter>
    </ClInclude>
    <ClInclude Include="Userlist\Model.h">
      <Filter>Userlist</Filter>
    </ClInclude>
    <ClInclude Include="Userlist\Keywords.h">
      <Filter>Userlist</Filter>
    </ClInclude>
    <ClInclude Include="Private\Skipper.h">
      <Filter>Private</Filter>
    </ClInclude>
    <ClInclude Include="Private\Userlist\Grammar\Grammar.h">
      <Filter>Private\Userlist\Grammar</Filter>
    </ClInclude>
    <ClInclude Include="Private\Userlist\Grammar\GrammarCode.h">
      <Filter>Private\Userlist\Grammar</Filter>
    </ClInclude>
    <ClInclude Include="Private\Userlist\Grammar\Symbols.h">
      <Filter>Private\Userlist\Grammar</Filter>
    </ClInclude>
    <ClInclude Include="Userlist\Parser.h">
      <Filter>Userlist</Filter>
    </ClInclude>
  </ItemGroup>
  <ItemGroup>
    <Filter Include="Private">
      <UniqueIdentifier>{40b5531a-f2f6-4703-88f3-4a895ed061e0}</UniqueIdentifier>
    </Filter>
    <Filter Include="Userlist">
      <UniqueIdentifier>{dedfcf7a-aba7-42f1-b086-f6344aa305f8}</UniqueIdentifier>
    </Filter>
    <Filter Include="Private\Userlist">
      <UniqueIdentifier>{9b99c6cb-473b-4f6e-a839-6c0094b34f6d}</UniqueIdentifier>
    </Filter>
    <Filter Include="Private\Userlist\Grammar">
      <UniqueIdentifier>{737b67ab-6237-4b52-94b0-077e53451634}</UniqueIdentifier>
    </Filter>
  </ItemGroup>
  <ItemGroup>
    <ClCompile Include="Private\Userlist\Model.cpp">
      <Filter>Private\Userlist</Filter>
    </ClCompile>
    <ClCompile Include="Private\Userlist\Parser.cpp">
      <Filter>Private\Userlist</Filter>
    </ClCompile>
  </ItemGroup>
</Project>