<?xml version="1.0" encoding="utf-8"?>
<Project ToolsVersion="4.0" xmlns="http://schemas.microsoft.com/developer/msbuild/2003">
  <ItemGroup>
    <None Include="ReadMe.txt" />
  </ItemGroup>
  <ItemGroup>
    <ClInclude Include="Private\Defines.h">
      <Filter>Private</Filter>
    </ClInclude>
    <ClInclude Include="Private\Skipper.h">
      <Filter>Private\Grammars</Filter>
    </ClInclude>
    <ClInclude Include="Userlist\Model.h">
      <Filter>Model</Filter>
    </ClInclude>
    <ClInclude Include="Userlist\Keywords.h">
      <Filter>Model</Filter>
    </ClInclude>
    <ClInclude Include="Userlist\IRulesManager.h">
      <Filter>Model</Filter>
    </ClInclude>
    <ClInclude Include="Userlist\Parser.h" />
    <ClInclude Include="Private\Userlist\Grammar\Symbols.h" />
    <ClInclude Include="Private\Userlist\Grammar\Grammar.h">
      <Filter>Private\Grammars</Filter>
    </ClInclude>
    <ClInclude Include="Parsing.h" />
    <ClInclude Include="Private\Userlist\Grammar\GrammarCode.h" />
  </ItemGroup>
  <ItemGroup>
    <Filter Include="Model">
      <UniqueIdentifier>{02cc08aa-760f-4f35-ad72-b2c307836031}</UniqueIdentifier>
    </Filter>
    <Filter Include="Private">
      <UniqueIdentifier>{d9b207f7-dbd7-4a1e-a698-e4b7cc4183eb}</UniqueIdentifier>
    </Filter>
    <Filter Include="Private\Grammars">
      <UniqueIdentifier>{6337642a-523b-4166-aaed-c6daa2d40e01}</UniqueIdentifier>
    </Filter>
  </ItemGroup>
  <ItemGroup>
    <ClCompile Include="Private\Userlist\Model.cpp" />
    <ClCompile Include="Private\Userlist\Parser.cpp" />
  </ItemGroup>
</Project>