<?xml version="1.0" encoding="utf-8"?>
<Project ToolsVersion="4.0" xmlns="http://schemas.microsoft.com/developer/msbuild/2003">
  <ItemGroup>
    <ClCompile Include="..\Support\Helpers.cpp">
      <Filter>Support</Filter>
    </ClCompile>
    <ClCompile Include="..\Support\ModFormat.cpp">
      <Filter>Support</Filter>
    </ClCompile>
    <ClCompile Include="..\Support\VersionRegex.cpp">
      <Filter>Support</Filter>
    </ClCompile>
    <ClCompile Include="Masterlist.cpp">
      <Filter>Masterlist</Filter>
    </ClCompile>
    <ClCompile Include="Updater.cpp">
      <Filter>Updater</Filter>
    </ClCompile>
    <ClCompile Include="BOSS.cpp" />
    <ClCompile Include="Sorting.cpp">
      <Filter>Sorting</Filter>
    </ClCompile>
    <ClCompile Include="Globals.cpp">
      <Filter>Globals</Filter>
    </ClCompile>
    <ClCompile Include="Userlist.cpp">
      <Filter>Userlist</Filter>
    </ClCompile>
    <ClCompile Include="..\Support\Logger.cpp">
      <Filter>Support</Filter>
    </ClCompile>
  </ItemGroup>
  <ItemGroup>
    <Filter Include="Support">
      <UniqueIdentifier>{4cc2d3c9-6316-4c73-9626-c777c252397c}</UniqueIdentifier>
    </Filter>
    <Filter Include="Masterlist">
      <UniqueIdentifier>{bdd935b7-3faf-46b4-b332-4945a5c4f787}</UniqueIdentifier>
    </Filter>
    <Filter Include="Sorting">
      <UniqueIdentifier>{a89cfbe9-ab64-4030-ba8a-7d494cee717b}</UniqueIdentifier>
    </Filter>
    <Filter Include="Updater">
      <UniqueIdentifier>{f8cf259d-a738-46ea-bfeb-f34b2d1989ba}</UniqueIdentifier>
    </Filter>
    <Filter Include="Globals">
      <UniqueIdentifier>{c8c250b9-403a-48ff-b4f8-2582ac08f2c7}</UniqueIdentifier>
    </Filter>
    <Filter Include="Userlist">
      <UniqueIdentifier>{3ae81265-eb1a-4c1a-a997-67dca1ac95fc}</UniqueIdentifier>
    </Filter>
  </ItemGroup>
  <ItemGroup>
    <ClInclude Include="..\Support\Helpers.h">
      <Filter>Support</Filter>
    </ClInclude>
    <ClInclude Include="..\Support\ModFormat.h">
      <Filter>Support</Filter>
    </ClInclude>
    <ClInclude Include="..\Support\Types.h">
      <Filter>Support</Filter>
    </ClInclude>
    <ClInclude Include="..\Support\VersionRegex.h">
      <Filter>Support</Filter>
    </ClInclude>
    <ClInclude Include="Masterlist.h">
      <Filter>Masterlist</Filter>
    </ClInclude>
    <ClInclude Include="Updater.h">
      <Filter>Updater</Filter>
    </ClInclude>
    <ClInclude Include="Sorting.h">
      <Filter>Sorting</Filter>
    </ClInclude>
    <ClInclude Include="BOSS.h" />
    <ClInclude Include="Globals.h">
      <Filter>Globals</Filter>
    </ClInclude>
    <ClInclude Include="Userlist.h">
      <Filter>Userlist</Filter>
    </ClInclude>
    <ClInclude Include="..\Support\Logger.h">
      <Filter>Support</Filter>
    </ClInclude>
  </ItemGroup>
  <ItemGroup>
    <ResourceCompile Include="BOSS_version.rc" />
  </ItemGroup>
</Project>