<?xml version="1.0" encoding="utf-8"?>
<Project ToolsVersion="4.0" xmlns="http://schemas.microsoft.com/developer/msbuild/2003">
  <ItemGroup>
    <ClCompile Include="Lists.cpp">
      <Filter>Lists</Filter>
    </ClCompile>
    <ClCompile Include="..\Parsing\Parser.cpp">
      <Filter>Parsing</Filter>
    </ClCompile>
    <ClCompile Include="Helpers.cpp">
      <Filter>Support</Filter>
    </ClCompile>
    <ClCompile Include="main.cpp" />
  </ItemGroup>
  <ItemGroup>
    <Filter Include="Support">
      <UniqueIdentifier>{4cc2d3c9-6316-4c73-9626-c777c252397c}</UniqueIdentifier>
    </Filter>
    <Filter Include="Lists">
      <UniqueIdentifier>{7cc10196-2e42-4a43-802e-9c3a7ad9f3ff}</UniqueIdentifier>
    </Filter>
    <Filter Include="Parsing">
      <UniqueIdentifier>{d0792f72-0ae4-420b-a834-ed8e0ae75054}</UniqueIdentifier>
    </Filter>
    <Filter Include="Parsing\Modlist">
      <UniqueIdentifier>{0b023587-0bc5-410f-bdf0-4d64998eb670}</UniqueIdentifier>
    </Filter>
  </ItemGroup>
  <ItemGroup>
    <ClInclude Include="Lists.h">
      <Filter>Lists</Filter>
    </ClInclude>
    <ClInclude Include="..\Parsing\Data.h">
      <Filter>Parsing</Filter>
    </ClInclude>
    <ClInclude Include="..\Parsing\Skipper.h">
      <Filter>Parsing</Filter>
    </ClInclude>
    <ClInclude Include="..\Parsing\Parser.h">
      <Filter>Parsing</Filter>
    </ClInclude>
    <ClInclude Include="..\Parsing\Modlist\Grammar.h">
      <Filter>Parsing\Modlist</Filter>
    </ClInclude>
    <ClInclude Include="Helpers.h">
      <Filter>Support</Filter>
    </ClInclude>
    <ClInclude Include="main.h" />
  </ItemGroup>
</Project>