<?xml version="1.0" encoding="utf-8"?>
<Project ToolsVersion="4.0" xmlns="http://schemas.microsoft.com/developer/msbuild/2003">
  <ItemGroup>
    <Filter Include="Source Files">
      <UniqueIdentifier>{4FC737F1-C7A5-4376-A066-2A32D752A2FF}</UniqueIdentifier>
      <Extensions>cpp;c;cc;cxx;def;odl;idl;hpj;bat;asm;asmx</Extensions>
    </Filter>
    <Filter Include="Resource Files">
      <UniqueIdentifier>{67DA6AB6-F800-4c08-8B7A-83BB121AAD01}</UniqueIdentifier>
      <Extensions>rc;ico;cur;bmp;dlg;rc2;rct;bin;rgs;gif;jpg;jpeg;jpe;resx;tiff;tif;png;wav;mfcribbon-ms</Extensions>
    </Filter>
    <Filter Include="Support">
      <UniqueIdentifier>{7817723d-1cb4-4bde-b265-ff3bbf0af39a}</UniqueIdentifier>
    </Filter>
  </ItemGroup>
  <ItemGroup>
    <None Include="ReadMe.txt" />
  </ItemGroup>
  <ItemGroup>
    <ClInclude Include="..\..\Support\Helpers.h">
      <Filter>Support</Filter>
    </ClInclude>
    <ClInclude Include="..\..\Support\ModFormat.h">
      <Filter>Support</Filter>
    </ClInclude>
    <ClInclude Include="..\..\Support\Types.h">
      <Filter>Support</Filter>
    </ClInclude>
    <ClInclude Include="..\..\Support\VersionRegex.h">
      <Filter>Support</Filter>
    </ClInclude>
  </ItemGroup>
  <ItemGroup>
    <ClCompile Include="RegexTesting.cpp">
      <Filter>Source Files</Filter>
    </ClCompile>
    <ClCompile Include="..\..\Support\Helpers.cpp">
      <Filter>Support</Filter>
    </ClCompile>
    <ClCompile Include="..\..\Support\ModFormat.cpp">
      <Filter>Support</Filter>
    </ClCompile>
    <ClCompile Include="..\..\Support\VersionRegex.cpp">
      <Filter>Support</Filter>
    </ClCompile>
  </ItemGroup>
</Project>